
Microsoft Visual Studio Solution File, Format Version 12.00
# Visual Studio Version 17
VisualStudioVersion = 17.0.32014.148
MinimumVisualStudioVersion = 10.0.40219.1
Project("{FAE04EC0-301F-11D3-BF4B-00C04F79EFBC}") = "Encryption", "Encryption\Encryption.csproj", "{C34447BF-027C-444B-AD01-E6B12DA24A59}"
EndProject
Global
	GlobalSection(SolutionConfigurationPlatforms) = preSolution
		Debug|Any CPU = Debug|Any CPU
		Release|Any CPU = Release|Any CPU
	EndGlobalSection
	GlobalSection(ProjectConfigurationPlatforms) = postSolution
		{C34447BF-027C-444B-AD01-E6B12DA24A59}.Debug|Any CPU.ActiveCfg = Debug|Any CPU
		{C34447BF-027C-444B-AD01-E6B12DA24A59}.Debug|Any CPU.Build.0 = Debug|Any CPU
		{C34447BF-027C-444B-AD01-E6B12DA24A59}.Release|Any CPU.ActiveCfg = Release|Any CPU
		{C34447BF-027C-444B-AD01-E6B12DA24A59}.Release|Any CPU.Build.0 = Release|Any CPU
	EndGlobalSection
	GlobalSection(SolutionProperties) = preSolution
		HideSolutionNode = FALSE
	EndGlobalSection
	GlobalSection(ExtensibilityGlobals) = postSolution
		SolutionGuid = {701D5A33-3D83-40DC-A169-3794C1D7CCD0}
	EndGlobalSection
EndGlobal
